
Microsoft Visual Studio Solution File, Format Version 12.00
# Visual Studio Version 17
VisualStudioVersion = 17.9.34723.18
MinimumVisualStudioVersion = 10.0.40219.1
Project("{9A19103F-16F7-4668-BE54-9A1E7A4F7556}") = "Ep1", "Ep1\Ep1.csproj", "{EF358652-094A-4483-819F-F5B6A4DF2D84}"
EndProject
Project("{9A19103F-16F7-4668-BE54-9A1E7A4F7556}") = "Ep2", "Ep2\Ep2.csproj", "{A71352C7-4202-4C7A-AB3A-EDA27E1A68A1}"
EndProject
Project("{9A19103F-16F7-4668-BE54-9A1E7A4F7556}") = "Ep3", "Ep3\Ep3.csproj", "{E0D88E6B-0506-4F48-B767-C6D517068DFA}"
EndProject
Project("{9A19103F-16F7-4668-BE54-9A1E7A4F7556}") = "Ep4", "Ep4\Ep4.csproj", "{FD4717C5-CF03-4EEC-AB59-D30A1B3C8B6D}"
EndProject
Project("{FAE04EC0-301F-11D3-BF4B-00C04F79EFBC}") = "Ep9", "Ep9\Ep9.csproj", "{22C4F600-9F78-4FB1-807E-AD94B50BB1CE}"
EndProject
Global
	GlobalSection(SolutionConfigurationPlatforms) = preSolution
		Debug|Any CPU = Debug|Any CPU
		Release|Any CPU = Release|Any CPU
	EndGlobalSection
	GlobalSection(ProjectConfigurationPlatforms) = postSolution
		{EF358652-094A-4483-819F-F5B6A4DF2D84}.Debug|Any CPU.ActiveCfg = Debug|Any CPU
		{EF358652-094A-4483-819F-F5B6A4DF2D84}.Debug|Any CPU.Build.0 = Debug|Any CPU
		{EF358652-094A-4483-819F-F5B6A4DF2D84}.Release|Any CPU.ActiveCfg = Release|Any CPU
		{EF358652-094A-4483-819F-F5B6A4DF2D84}.Release|Any CPU.Build.0 = Release|Any CPU
		{A71352C7-4202-4C7A-AB3A-EDA27E1A68A1}.Debug|Any CPU.ActiveCfg = Debug|Any CPU
		{A71352C7-4202-4C7A-AB3A-EDA27E1A68A1}.Debug|Any CPU.Build.0 = Debug|Any CPU
		{A71352C7-4202-4C7A-AB3A-EDA27E1A68A1}.Release|Any CPU.ActiveCfg = Release|Any CPU
		{A71352C7-4202-4C7A-AB3A-EDA27E1A68A1}.Release|Any CPU.Build.0 = Release|Any CPU
		{E0D88E6B-0506-4F48-B767-C6D517068DFA}.Debug|Any CPU.ActiveCfg = Debug|Any CPU
		{E0D88E6B-0506-4F48-B767-C6D517068DFA}.Debug|Any CPU.Build.0 = Debug|Any CPU
		{E0D88E6B-0506-4F48-B767-C6D517068DFA}.Release|Any CPU.ActiveCfg = Release|Any CPU
		{E0D88E6B-0506-4F48-B767-C6D517068DFA}.Release|Any CPU.Build.0 = Release|Any CPU
		{FD4717C5-CF03-4EEC-AB59-D30A1B3C8B6D}.Debug|Any CPU.ActiveCfg = Debug|Any CPU
		{FD4717C5-CF03-4EEC-AB59-D30A1B3C8B6D}.Debug|Any CPU.Build.0 = Debug|Any CPU
		{FD4717C5-CF03-4EEC-AB59-D30A1B3C8B6D}.Release|Any CPU.ActiveCfg = Release|Any CPU
		{FD4717C5-CF03-4EEC-AB59-D30A1B3C8B6D}.Release|Any CPU.Build.0 = Release|Any CPU
		{22C4F600-9F78-4FB1-807E-AD94B50BB1CE}.Debug|Any CPU.ActiveCfg = Debug|Any CPU
		{22C4F600-9F78-4FB1-807E-AD94B50BB1CE}.Debug|Any CPU.Build.0 = Debug|Any CPU
		{22C4F600-9F78-4FB1-807E-AD94B50BB1CE}.Release|Any CPU.ActiveCfg = Release|Any CPU
		{22C4F600-9F78-4FB1-807E-AD94B50BB1CE}.Release|Any CPU.Build.0 = Release|Any CPU
	EndGlobalSection
	GlobalSection(SolutionProperties) = preSolution
		HideSolutionNode = FALSE
	EndGlobalSection
	GlobalSection(ExtensibilityGlobals) = postSolution
		SolutionGuid = {AB1051DA-BE08-4F29-B879-4397C36AAF5A}
	EndGlobalSection
EndGlobal
