
Microsoft Visual Studio Solution File, Format Version 12.00
# Visual Studio Version 17
VisualStudioVersion = 17.9.34723.18
MinimumVisualStudioVersion = 10.0.40219.1
Project("{FAE04EC0-301F-11D3-BF4B-00C04F79EFBC}") = "E1_AzureFunctions", "E1_AzureFunctions\E1_AzureFunctions.csproj", "{A9FA17A7-BF1C-4ACD-8ECC-A01E1A90454D}"
EndProject
Global
	GlobalSection(SolutionConfigurationPlatforms) = preSolution
		Debug|Any CPU = Debug|Any CPU
		Release|Any CPU = Release|Any CPU
	EndGlobalSection
	GlobalSection(ProjectConfigurationPlatforms) = postSolution
		{A9FA17A7-BF1C-4ACD-8ECC-A01E1A90454D}.Debug|Any CPU.ActiveCfg = Debug|Any CPU
		{A9FA17A7-BF1C-4ACD-8ECC-A01E1A90454D}.Debug|Any CPU.Build.0 = Debug|Any CPU
		{A9FA17A7-BF1C-4ACD-8ECC-A01E1A90454D}.Release|Any CPU.ActiveCfg = Release|Any CPU
		{A9FA17A7-BF1C-4ACD-8ECC-A01E1A90454D}.Release|Any CPU.Build.0 = Release|Any CPU
	EndGlobalSection
	GlobalSection(SolutionProperties) = preSolution
		HideSolutionNode = FALSE
	EndGlobalSection
	GlobalSection(ExtensibilityGlobals) = postSolution
		SolutionGuid = {AB1051DA-BE08-4F29-B879-4397C36AAF5A}
	EndGlobalSection
EndGlobal
